{
  "version": "5",
  "specifiers": {
    "jsr:@marianmeres/batch@^1.2.0": "1.2.0",
    "jsr:@marianmeres/clog@^3.15.3": "3.17.1",
    "jsr:@marianmeres/clog@^3.17.1": "3.17.1",
    "jsr:@marianmeres/npmbuild@^1.14.0": "1.14.0",
    "jsr:@marianmeres/pubsub@3": "3.0.0",
    "jsr:@marianmeres/pubsub@^2.4.6": "2.4.6",
    "jsr:@marianmeres/store@^3.0.1": "3.0.1",
    "jsr:@std/assert@^1.0.19": "1.0.19",
    "jsr:@std/collections@^1.1.6": "1.1.6",
    "jsr:@std/fs@^1.0.23": "1.0.23",
    "jsr:@std/internal@^1.0.12": "1.0.12",
    "jsr:@std/path@^1.1.4": "1.1.4"
  },
  "jsr": {
    "@marianmeres/batch@1.2.0": {
      "integrity": "7cafd9be55f1f0a1a9f7aaab205c7d2804d1a904bbcc33528e2fda74020d5ceb",
      "dependencies": [
        "jsr:@marianmeres/clog@^3.15.3",
        "jsr:@marianmeres/pubsub@^2.4.6"
      ]
    },
    "@marianmeres/clog@3.17.1": {
      "integrity": "f899209530ddc2e79f84188c740171cde07e9bbfc30c4d3cff606aa126ebe29a",
      "dependencies": [
        "jsr:@marianmeres/batch"
      ]
    },
    "@marianmeres/npmbuild@1.14.0": {
      "integrity": "2101b17e423cfa9a26bbfe251c5c40641b36d5a06500f3d6ac7f6dc8c2579a7d",
      "dependencies": [
        "jsr:@std/collections",
        "jsr:@std/fs",
        "jsr:@std/path"
      ]
    },
    "@marianmeres/pubsub@2.4.6": {
      "integrity": "949fc1f5e39a84642f5943dccb94fe14c58bfffa48649e8401f3d0607a7f2159"
    },
    "@marianmeres/pubsub@3.0.0": {
      "integrity": "9bc40e60362801663fb23e0c00a353abec7684840b6bea410facba09c083677b"
    },
    "@marianmeres/store@3.0.1": {
      "integrity": "be72d3fb0308dd2909ad8306b3477f51d218ca65975548704f8cb853222fb396",
      "dependencies": [
        "jsr:@marianmeres/pubsub@3"
      ]
    },
    "@std/assert@1.0.19": {
      "integrity": "eaada96ee120cb980bc47e040f82814d786fe8162ecc53c91d8df60b8755991e",
      "dependencies": [
        "jsr:@std/internal"
      ]
    },
    "@std/collections@1.1.6": {
      "integrity": "b458160ce65ea5ad35da05d0a5cbee4b583677c8b443a10d7beb0c4ac63f2baa"
    },
    "@std/fs@1.0.23": {
      "integrity": "3ecbae4ce4fee03b180fa710caff36bb5adb66631c46a6460aaad49515565a37",
      "dependencies": [
        "jsr:@std/internal",
        "jsr:@std/path"
      ]
    },
    "@std/internal@1.0.12": {
      "integrity": "972a634fd5bc34b242024402972cd5143eac68d8dffaca5eaa4dba30ce17b027"
    },
    "@std/path@1.1.4": {
      "integrity": "1d2d43f39efb1b42f0b1882a25486647cb851481862dc7313390b2bb044314b5",
      "dependencies": [
        "jsr:@std/internal"
      ]
    }
  },
  "workspace": {
    "dependencies": [
      "jsr:@marianmeres/clog@^3.17.1",
      "jsr:@marianmeres/npmbuild@^1.14.0",
      "jsr:@marianmeres/pubsub@3",
      "jsr:@marianmeres/store@^3.0.1",
      "jsr:@std/assert@^1.0.19",
      "jsr:@std/fs@^1.0.23",
      "jsr:@std/path@^1.1.4"
    ]
  }
}
