{
  "version": "5",
  "specifiers": {
    "jsr:@marianmeres/clog@3": "3.15.2",
    "jsr:@marianmeres/npmbuild@^1.11.0": "1.11.0",
    "jsr:@marianmeres/pubsub@2": "2.4.6",
    "jsr:@marianmeres/pubsub@^2.4.6": "2.4.6",
    "jsr:@marianmeres/store@2": "2.4.4",
    "jsr:@std/assert@^1.0.18": "1.0.18",
    "jsr:@std/collections@^1.1.5": "1.1.5",
    "jsr:@std/fs@^1.0.22": "1.0.22",
    "jsr:@std/internal@^1.0.12": "1.0.12",
    "jsr:@std/path@^1.1.4": "1.1.4"
  },
  "jsr": {
    "@marianmeres/clog@3.15.2": {
      "integrity": "c9f35639efed3aacf28d7f1a0c3b0cfb23420a6ece0e830742e56c3e87c48562"
    },
    "@marianmeres/npmbuild@1.11.0": {
      "integrity": "924ed6df296aa4e3ffd55ad2c4b7904663824c5c30866c0c47fa815fd2c1a7d8",
      "dependencies": [
        "jsr:@std/collections",
        "jsr:@std/fs",
        "jsr:@std/path"
      ]
    },
    "@marianmeres/pubsub@2.4.6": {
      "integrity": "949fc1f5e39a84642f5943dccb94fe14c58bfffa48649e8401f3d0607a7f2159"
    },
    "@marianmeres/store@2.4.4": {
      "integrity": "32d44ed259d5a3af0bd95440a52ba27d612cb2b1d81695e8fc52f0a0538e0e89",
      "dependencies": [
        "jsr:@marianmeres/pubsub@^2.4.6"
      ]
    },
    "@std/assert@1.0.18": {
      "integrity": "270245e9c2c13b446286de475131dc688ca9abcd94fc5db41d43a219b34d1c78",
      "dependencies": [
        "jsr:@std/internal"
      ]
    },
    "@std/collections@1.1.5": {
      "integrity": "c37cc6bbbbf90fec3e782535a46c9c8a3210f19118c61add71fcea86b0ffd491"
    },
    "@std/fs@1.0.22": {
      "integrity": "de0f277a58a867147a8a01bc1b181d0dfa80bfddba8c9cf2bacd6747bcec9308",
      "dependencies": [
        "jsr:@std/internal",
        "jsr:@std/path"
      ]
    },
    "@std/internal@1.0.12": {
      "integrity": "972a634fd5bc34b242024402972cd5143eac68d8dffaca5eaa4dba30ce17b027"
    },
    "@std/path@1.1.4": {
      "integrity": "1d2d43f39efb1b42f0b1882a25486647cb851481862dc7313390b2bb044314b5",
      "dependencies": [
        "jsr:@std/internal"
      ]
    }
  },
  "workspace": {
    "dependencies": [
      "jsr:@marianmeres/clog@3",
      "jsr:@marianmeres/npmbuild@^1.11.0",
      "jsr:@marianmeres/pubsub@2",
      "jsr:@marianmeres/store@2",
      "jsr:@std/assert@^1.0.18",
      "jsr:@std/fs@^1.0.22",
      "jsr:@std/path@^1.1.4"
    ]
  }
}
